
Microsoft Visual Studio Solution File, Format Version 12.00
# Visual Studio Version 17
VisualStudioVersion = 17.8.34316.72
MinimumVisualStudioVersion = 10.0.40219.1
Project("{9A19103F-16F7-4668-BE54-9A1E7A4F7556}") = "Lab10", "Lab10\Lab10.csproj", "{513171BF-57A7-4B69-963F-D68B9B5ADAB3}"
EndProject
Project("{FAE04EC0-301F-11D3-BF4B-00C04F79EFBC}") = "Lab10(2)", "Lab10(2)\Lab10(2).csproj", "{15635408-7F6D-48A6-9349-59EA47DF0756}"
EndProject
Project("{FAE04EC0-301F-11D3-BF4B-00C04F79EFBC}") = "Lab10(3)", "Lab10(3)\Lab10(3).csproj", "{6AD4BFA4-E618-40AA-AB4F-284EA3A1B486}"
EndProject
Project("{FAE04EC0-301F-11D3-BF4B-00C04F79EFBC}") = "Lab10(7)", "Lab10(7)\Lab10(7).csproj", "{F22E8A4D-53BD-4183-96D8-519CF01CAE69}"
EndProject
Global
	GlobalSection(SolutionConfigurationPlatforms) = preSolution
		Debug|Any CPU = Debug|Any CPU
		Release|Any CPU = Release|Any CPU
	EndGlobalSection
	GlobalSection(ProjectConfigurationPlatforms) = postSolution
		{513171BF-57A7-4B69-963F-D68B9B5ADAB3}.Debug|Any CPU.ActiveCfg = Debug|Any CPU
		{513171BF-57A7-4B69-963F-D68B9B5ADAB3}.Debug|Any CPU.Build.0 = Debug|Any CPU
		{513171BF-57A7-4B69-963F-D68B9B5ADAB3}.Release|Any CPU.ActiveCfg = Release|Any CPU
		{513171BF-57A7-4B69-963F-D68B9B5ADAB3}.Release|Any CPU.Build.0 = Release|Any CPU
		{15635408-7F6D-48A6-9349-59EA47DF0756}.Debug|Any CPU.ActiveCfg = Debug|Any CPU
		{15635408-7F6D-48A6-9349-59EA47DF0756}.Debug|Any CPU.Build.0 = Debug|Any CPU
		{15635408-7F6D-48A6-9349-59EA47DF0756}.Release|Any CPU.ActiveCfg = Release|Any CPU
		{15635408-7F6D-48A6-9349-59EA47DF0756}.Release|Any CPU.Build.0 = Release|Any CPU
		{6AD4BFA4-E618-40AA-AB4F-284EA3A1B486}.Debug|Any CPU.ActiveCfg = Debug|Any CPU
		{6AD4BFA4-E618-40AA-AB4F-284EA3A1B486}.Debug|Any CPU.Build.0 = Debug|Any CPU
		{6AD4BFA4-E618-40AA-AB4F-284EA3A1B486}.Release|Any CPU.ActiveCfg = Release|Any CPU
		{6AD4BFA4-E618-40AA-AB4F-284EA3A1B486}.Release|Any CPU.Build.0 = Release|Any CPU
		{F22E8A4D-53BD-4183-96D8-519CF01CAE69}.Debug|Any CPU.ActiveCfg = Debug|Any CPU
		{F22E8A4D-53BD-4183-96D8-519CF01CAE69}.Debug|Any CPU.Build.0 = Debug|Any CPU
		{F22E8A4D-53BD-4183-96D8-519CF01CAE69}.Release|Any CPU.ActiveCfg = Release|Any CPU
		{F22E8A4D-53BD-4183-96D8-519CF01CAE69}.Release|Any CPU.Build.0 = Release|Any CPU
	EndGlobalSection
	GlobalSection(SolutionProperties) = preSolution
		HideSolutionNode = FALSE
	EndGlobalSection
	GlobalSection(ExtensibilityGlobals) = postSolution
		SolutionGuid = {44258F75-75D7-4A8A-9802-553E7C4B497C}
	EndGlobalSection
EndGlobal
