
Microsoft Visual Studio Solution File, Format Version 12.00
# Visual Studio Version 17
VisualStudioVersion = 17.7.34024.191
MinimumVisualStudioVersion = 10.0.40219.1
Project("{9A19103F-16F7-4668-BE54-9A1E7A4F7556}") = "Lab01_Task02", "Lab01_Task02\Lab01_Task02.csproj", "{D2D215B9-36F8-4178-BD94-4042D9E97983}"
EndProject
Project("{9A19103F-16F7-4668-BE54-9A1E7A4F7556}") = "Lab01_Task03(8)", "Lab01_Task03\Lab01_Task03(8).csproj", "{41A47E03-6713-4AAC-8D58-A5DA952B82E1}"
EndProject
Project("{9A19103F-16F7-4668-BE54-9A1E7A4F7556}") = "Lab01_Task03(9)", "Lab01_Task03(9)\Lab01_Task03(9).csproj", "{2D6E97BC-FF4A-4D8E-BA67-C602175A15AE}"
EndProject
Project("{9A19103F-16F7-4668-BE54-9A1E7A4F7556}") = "Lab01_Task03(10, 11)", "Lab01_Task03(10,11)\Lab01_Task03(10, 11).csproj", "{521C37CB-4A6C-452D-9E17-6D5E8B8D9860}"
EndProject
Project("{9A19103F-16F7-4668-BE54-9A1E7A4F7556}") = "Lab01_Task03(12,13)", "Lab01_Task03(12,13)\Lab01_Task03(12,13).csproj", "{FFEF4CDF-CD92-418F-B0B5-F72D9BA09C53}"
EndProject
Project("{9A19103F-16F7-4668-BE54-9A1E7A4F7556}") = "Lab01_Task04(14, 15)", "Lab01_Task04(14, 15)\Lab01_Task04(14, 15).csproj", "{348E8CC4-A31A-4DE3-84A3-5F2ED9893D75}"
EndProject
Project("{9A19103F-16F7-4668-BE54-9A1E7A4F7556}") = "Lab01_Task04(16)", "Lab01_Task04(16)\Lab01_Task04(16).csproj", "{34C6C359-7232-4BC2-8F03-30953EF6D3AF}"
EndProject
Project("{9A19103F-16F7-4668-BE54-9A1E7A4F7556}") = "Lab01_Task05", "Lab01_Task05\Lab01_Task05.csproj", "{6E42301C-5660-48F4-9C97-00DF4BF805A3}"
EndProject
Project("{2150E333-8FDC-42A3-9474-1A3956D46DE8}") = "Lab02", "Lab02", "{E54D1CB1-B6E4-4031-99F1-2A6E3822BC81}"
EndProject
Project("{9A19103F-16F7-4668-BE54-9A1E7A4F7556}") = "Lab02(1)", "Lab02(1)\Lab02(1).csproj", "{AD13D608-A421-4532-82A8-5E781DDB4C73}"
EndProject
Project("{9A19103F-16F7-4668-BE54-9A1E7A4F7556}") = "Lab02(2)", "Lab02(2)\Lab02(2).csproj", "{A06F8C8D-D5D9-40E2-B8BE-756A6A695013}"
EndProject
Project("{9A19103F-16F7-4668-BE54-9A1E7A4F7556}") = "Lab02(3)", "Lab02(3)\Lab02(3).csproj", "{9A99912B-0D6E-4598-ABD0-D3E6C33A95F6}"
EndProject
Project("{2150E333-8FDC-42A3-9474-1A3956D46DE8}") = "Lab01", "Lab01", "{2428ED28-A81F-490D-8F5C-F6154EDF9C56}"
EndProject
Project("{9A19103F-16F7-4668-BE54-9A1E7A4F7556}") = "Lab02(4)", "Lab02(4)\Lab02(4).csproj", "{7433FF41-3B11-4034-A8F5-48152F807EDA}"
EndProject
Project("{9A19103F-16F7-4668-BE54-9A1E7A4F7556}") = "Lab02(5)", "Lab02(5)\Lab02(5).csproj", "{8BC08E12-5B80-4AD7-91DD-50790EDDD012}"
EndProject
Project("{9A19103F-16F7-4668-BE54-9A1E7A4F7556}") = "Lab02(6)", "Lab02(6)\Lab02(6).csproj", "{A93FC0F8-F58C-445F-B0FE-40969FC86EF4}"
EndProject
Project("{9A19103F-16F7-4668-BE54-9A1E7A4F7556}") = "Lab02(7)", "Lab02(7)\Lab02(7).csproj", "{F0255CC0-379A-4716-AA6C-7A596ECE3360}"
EndProject
Project("{9A19103F-16F7-4668-BE54-9A1E7A4F7556}") = "Lab02(8)", "Lab02(8)\Lab02(8).csproj", "{719A6499-C71D-4A7B-B6FB-0480EDC82CAE}"
EndProject
Project("{9A19103F-16F7-4668-BE54-9A1E7A4F7556}") = "Lab02(9)", "Lab02(9)\Lab02(9).csproj", "{E54E9DC8-8334-4DF5-939C-D34147A6805C}"
EndProject
Project("{9A19103F-16F7-4668-BE54-9A1E7A4F7556}") = "Lab02(10)", "Lab02(10)\Lab02(10).csproj", "{F055C48A-86DE-4F0A-B0BD-B0970CED9910}"
EndProject
Global
	GlobalSection(SolutionConfigurationPlatforms) = preSolution
		Debug|Any CPU = Debug|Any CPU
		Release|Any CPU = Release|Any CPU
	EndGlobalSection
	GlobalSection(ProjectConfigurationPlatforms) = postSolution
		{D2D215B9-36F8-4178-BD94-4042D9E97983}.Debug|Any CPU.ActiveCfg = Debug|Any CPU
		{D2D215B9-36F8-4178-BD94-4042D9E97983}.Debug|Any CPU.Build.0 = Debug|Any CPU
		{D2D215B9-36F8-4178-BD94-4042D9E97983}.Release|Any CPU.ActiveCfg = Release|Any CPU
		{D2D215B9-36F8-4178-BD94-4042D9E97983}.Release|Any CPU.Build.0 = Release|Any CPU
		{41A47E03-6713-4AAC-8D58-A5DA952B82E1}.Debug|Any CPU.ActiveCfg = Debug|Any CPU
		{41A47E03-6713-4AAC-8D58-A5DA952B82E1}.Debug|Any CPU.Build.0 = Debug|Any CPU
		{41A47E03-6713-4AAC-8D58-A5DA952B82E1}.Release|Any CPU.ActiveCfg = Release|Any CPU
		{41A47E03-6713-4AAC-8D58-A5DA952B82E1}.Release|Any CPU.Build.0 = Release|Any CPU
		{2D6E97BC-FF4A-4D8E-BA67-C602175A15AE}.Debug|Any CPU.ActiveCfg = Debug|Any CPU
		{2D6E97BC-FF4A-4D8E-BA67-C602175A15AE}.Debug|Any CPU.Build.0 = Debug|Any CPU
		{2D6E97BC-FF4A-4D8E-BA67-C602175A15AE}.Release|Any CPU.ActiveCfg = Release|Any CPU
		{2D6E97BC-FF4A-4D8E-BA67-C602175A15AE}.Release|Any CPU.Build.0 = Release|Any CPU
		{521C37CB-4A6C-452D-9E17-6D5E8B8D9860}.Debug|Any CPU.ActiveCfg = Debug|Any CPU
		{521C37CB-4A6C-452D-9E17-6D5E8B8D9860}.Debug|Any CPU.Build.0 = Debug|Any CPU
		{521C37CB-4A6C-452D-9E17-6D5E8B8D9860}.Release|Any CPU.ActiveCfg = Release|Any CPU
		{521C37CB-4A6C-452D-9E17-6D5E8B8D9860}.Release|Any CPU.Build.0 = Release|Any CPU
		{FFEF4CDF-CD92-418F-B0B5-F72D9BA09C53}.Debug|Any CPU.ActiveCfg = Debug|Any CPU
		{FFEF4CDF-CD92-418F-B0B5-F72D9BA09C53}.Debug|Any CPU.Build.0 = Debug|Any CPU
		{FFEF4CDF-CD92-418F-B0B5-F72D9BA09C53}.Release|Any CPU.ActiveCfg = Release|Any CPU
		{FFEF4CDF-CD92-418F-B0B5-F72D9BA09C53}.Release|Any CPU.Build.0 = Release|Any CPU
		{348E8CC4-A31A-4DE3-84A3-5F2ED9893D75}.Debug|Any CPU.ActiveCfg = Debug|Any CPU
		{348E8CC4-A31A-4DE3-84A3-5F2ED9893D75}.Debug|Any CPU.Build.0 = Debug|Any CPU
		{348E8CC4-A31A-4DE3-84A3-5F2ED9893D75}.Release|Any CPU.ActiveCfg = Release|Any CPU
		{348E8CC4-A31A-4DE3-84A3-5F2ED9893D75}.Release|Any CPU.Build.0 = Release|Any CPU
		{34C6C359-7232-4BC2-8F03-30953EF6D3AF}.Debug|Any CPU.ActiveCfg = Debug|Any CPU
		{34C6C359-7232-4BC2-8F03-30953EF6D3AF}.Debug|Any CPU.Build.0 = Debug|Any CPU
		{34C6C359-7232-4BC2-8F03-30953EF6D3AF}.Release|Any CPU.ActiveCfg = Release|Any CPU
		{34C6C359-7232-4BC2-8F03-30953EF6D3AF}.Release|Any CPU.Build.0 = Release|Any CPU
		{6E42301C-5660-48F4-9C97-00DF4BF805A3}.Debug|Any CPU.ActiveCfg = Debug|Any CPU
		{6E42301C-5660-48F4-9C97-00DF4BF805A3}.Debug|Any CPU.Build.0 = Debug|Any CPU
		{6E42301C-5660-48F4-9C97-00DF4BF805A3}.Release|Any CPU.ActiveCfg = Release|Any CPU
		{6E42301C-5660-48F4-9C97-00DF4BF805A3}.Release|Any CPU.Build.0 = Release|Any CPU
		{AD13D608-A421-4532-82A8-5E781DDB4C73}.Debug|Any CPU.ActiveCfg = Debug|Any CPU
		{AD13D608-A421-4532-82A8-5E781DDB4C73}.Debug|Any CPU.Build.0 = Debug|Any CPU
		{AD13D608-A421-4532-82A8-5E781DDB4C73}.Release|Any CPU.ActiveCfg = Release|Any CPU
		{AD13D608-A421-4532-82A8-5E781DDB4C73}.Release|Any CPU.Build.0 = Release|Any CPU
		{A06F8C8D-D5D9-40E2-B8BE-756A6A695013}.Debug|Any CPU.ActiveCfg = Debug|Any CPU
		{A06F8C8D-D5D9-40E2-B8BE-756A6A695013}.Debug|Any CPU.Build.0 = Debug|Any CPU
		{A06F8C8D-D5D9-40E2-B8BE-756A6A695013}.Release|Any CPU.ActiveCfg = Release|Any CPU
		{A06F8C8D-D5D9-40E2-B8BE-756A6A695013}.Release|Any CPU.Build.0 = Release|Any CPU
		{9A99912B-0D6E-4598-ABD0-D3E6C33A95F6}.Debug|Any CPU.ActiveCfg = Debug|Any CPU
		{9A99912B-0D6E-4598-ABD0-D3E6C33A95F6}.Debug|Any CPU.Build.0 = Debug|Any CPU
		{9A99912B-0D6E-4598-ABD0-D3E6C33A95F6}.Release|Any CPU.ActiveCfg = Release|Any CPU
		{9A99912B-0D6E-4598-ABD0-D3E6C33A95F6}.Release|Any CPU.Build.0 = Release|Any CPU
		{7433FF41-3B11-4034-A8F5-48152F807EDA}.Debug|Any CPU.ActiveCfg = Debug|Any CPU
		{7433FF41-3B11-4034-A8F5-48152F807EDA}.Debug|Any CPU.Build.0 = Debug|Any CPU
		{7433FF41-3B11-4034-A8F5-48152F807EDA}.Release|Any CPU.ActiveCfg = Release|Any CPU
		{7433FF41-3B11-4034-A8F5-48152F807EDA}.Release|Any CPU.Build.0 = Release|Any CPU
		{8BC08E12-5B80-4AD7-91DD-50790EDDD012}.Debug|Any CPU.ActiveCfg = Debug|Any CPU
		{8BC08E12-5B80-4AD7-91DD-50790EDDD012}.Debug|Any CPU.Build.0 = Debug|Any CPU
		{8BC08E12-5B80-4AD7-91DD-50790EDDD012}.Release|Any CPU.ActiveCfg = Release|Any CPU
		{8BC08E12-5B80-4AD7-91DD-50790EDDD012}.Release|Any CPU.Build.0 = Release|Any CPU
		{A93FC0F8-F58C-445F-B0FE-40969FC86EF4}.Debug|Any CPU.ActiveCfg = Debug|Any CPU
		{A93FC0F8-F58C-445F-B0FE-40969FC86EF4}.Debug|Any CPU.Build.0 = Debug|Any CPU
		{A93FC0F8-F58C-445F-B0FE-40969FC86EF4}.Release|Any CPU.ActiveCfg = Release|Any CPU
		{A93FC0F8-F58C-445F-B0FE-40969FC86EF4}.Release|Any CPU.Build.0 = Release|Any CPU
		{F0255CC0-379A-4716-AA6C-7A596ECE3360}.Debug|Any CPU.ActiveCfg = Debug|Any CPU
		{F0255CC0-379A-4716-AA6C-7A596ECE3360}.Debug|Any CPU.Build.0 = Debug|Any CPU
		{F0255CC0-379A-4716-AA6C-7A596ECE3360}.Release|Any CPU.ActiveCfg = Release|Any CPU
		{F0255CC0-379A-4716-AA6C-7A596ECE3360}.Release|Any CPU.Build.0 = Release|Any CPU
		{719A6499-C71D-4A7B-B6FB-0480EDC82CAE}.Debug|Any CPU.ActiveCfg = Debug|Any CPU
		{719A6499-C71D-4A7B-B6FB-0480EDC82CAE}.Debug|Any CPU.Build.0 = Debug|Any CPU
		{719A6499-C71D-4A7B-B6FB-0480EDC82CAE}.Release|Any CPU.ActiveCfg = Release|Any CPU
		{719A6499-C71D-4A7B-B6FB-0480EDC82CAE}.Release|Any CPU.Build.0 = Release|Any CPU
		{E54E9DC8-8334-4DF5-939C-D34147A6805C}.Debug|Any CPU.ActiveCfg = Debug|Any CPU
		{E54E9DC8-8334-4DF5-939C-D34147A6805C}.Debug|Any CPU.Build.0 = Debug|Any CPU
		{E54E9DC8-8334-4DF5-939C-D34147A6805C}.Release|Any CPU.ActiveCfg = Release|Any CPU
		{E54E9DC8-8334-4DF5-939C-D34147A6805C}.Release|Any CPU.Build.0 = Release|Any CPU
		{F055C48A-86DE-4F0A-B0BD-B0970CED9910}.Debug|Any CPU.ActiveCfg = Debug|Any CPU
		{F055C48A-86DE-4F0A-B0BD-B0970CED9910}.Debug|Any CPU.Build.0 = Debug|Any CPU
		{F055C48A-86DE-4F0A-B0BD-B0970CED9910}.Release|Any CPU.ActiveCfg = Release|Any CPU
		{F055C48A-86DE-4F0A-B0BD-B0970CED9910}.Release|Any CPU.Build.0 = Release|Any CPU
	EndGlobalSection
	GlobalSection(SolutionProperties) = preSolution
		HideSolutionNode = FALSE
	EndGlobalSection
	GlobalSection(NestedProjects) = preSolution
		{D2D215B9-36F8-4178-BD94-4042D9E97983} = {2428ED28-A81F-490D-8F5C-F6154EDF9C56}
		{41A47E03-6713-4AAC-8D58-A5DA952B82E1} = {2428ED28-A81F-490D-8F5C-F6154EDF9C56}
		{2D6E97BC-FF4A-4D8E-BA67-C602175A15AE} = {2428ED28-A81F-490D-8F5C-F6154EDF9C56}
		{521C37CB-4A6C-452D-9E17-6D5E8B8D9860} = {2428ED28-A81F-490D-8F5C-F6154EDF9C56}
		{FFEF4CDF-CD92-418F-B0B5-F72D9BA09C53} = {2428ED28-A81F-490D-8F5C-F6154EDF9C56}
		{348E8CC4-A31A-4DE3-84A3-5F2ED9893D75} = {2428ED28-A81F-490D-8F5C-F6154EDF9C56}
		{34C6C359-7232-4BC2-8F03-30953EF6D3AF} = {2428ED28-A81F-490D-8F5C-F6154EDF9C56}
		{6E42301C-5660-48F4-9C97-00DF4BF805A3} = {2428ED28-A81F-490D-8F5C-F6154EDF9C56}
		{AD13D608-A421-4532-82A8-5E781DDB4C73} = {E54D1CB1-B6E4-4031-99F1-2A6E3822BC81}
		{A06F8C8D-D5D9-40E2-B8BE-756A6A695013} = {E54D1CB1-B6E4-4031-99F1-2A6E3822BC81}
		{9A99912B-0D6E-4598-ABD0-D3E6C33A95F6} = {E54D1CB1-B6E4-4031-99F1-2A6E3822BC81}
		{7433FF41-3B11-4034-A8F5-48152F807EDA} = {E54D1CB1-B6E4-4031-99F1-2A6E3822BC81}
		{8BC08E12-5B80-4AD7-91DD-50790EDDD012} = {E54D1CB1-B6E4-4031-99F1-2A6E3822BC81}
		{A93FC0F8-F58C-445F-B0FE-40969FC86EF4} = {E54D1CB1-B6E4-4031-99F1-2A6E3822BC81}
		{F0255CC0-379A-4716-AA6C-7A596ECE3360} = {E54D1CB1-B6E4-4031-99F1-2A6E3822BC81}
		{719A6499-C71D-4A7B-B6FB-0480EDC82CAE} = {E54D1CB1-B6E4-4031-99F1-2A6E3822BC81}
		{E54E9DC8-8334-4DF5-939C-D34147A6805C} = {E54D1CB1-B6E4-4031-99F1-2A6E3822BC81}
		{F055C48A-86DE-4F0A-B0BD-B0970CED9910} = {E54D1CB1-B6E4-4031-99F1-2A6E3822BC81}
	EndGlobalSection
	GlobalSection(ExtensibilityGlobals) = postSolution
		SolutionGuid = {F049D639-BBA6-44EC-8A52-0DA4FEA77AAF}
	EndGlobalSection
EndGlobal
