
Microsoft Visual Studio Solution File, Format Version 12.00
# Visual Studio Version 17
VisualStudioVersion = 17.8.34316.72
MinimumVisualStudioVersion = 10.0.40219.1
Project("{9A19103F-16F7-4668-BE54-9A1E7A4F7556}") = "Lab15", "Lab15\Lab15.csproj", "{51DF62C3-A831-42D6-8A2F-822743515D6F}"
EndProject
Project("{FAE04EC0-301F-11D3-BF4B-00C04F79EFBC}") = "Lab15(2)", "Lab15(2)\Lab15(2).csproj", "{569472B5-0A36-42FE-831B-94E3B108BA6A}"
EndProject
Project("{FAE04EC0-301F-11D3-BF4B-00C04F79EFBC}") = "Lab15(3)", "Lab15(3)\Lab15(3).csproj", "{5BA4E639-9594-480C-BB79-792E760E4F8E}"
EndProject
Project("{FAE04EC0-301F-11D3-BF4B-00C04F79EFBC}") = "Lab15(4)", "Lab15(4)\Lab15(4).csproj", "{78D85D4C-FB39-4684-B17A-CA1916CD5569}"
EndProject
Global
	GlobalSection(SolutionConfigurationPlatforms) = preSolution
		Debug|Any CPU = Debug|Any CPU
		Release|Any CPU = Release|Any CPU
	EndGlobalSection
	GlobalSection(ProjectConfigurationPlatforms) = postSolution
		{51DF62C3-A831-42D6-8A2F-822743515D6F}.Debug|Any CPU.ActiveCfg = Debug|Any CPU
		{51DF62C3-A831-42D6-8A2F-822743515D6F}.Debug|Any CPU.Build.0 = Debug|Any CPU
		{51DF62C3-A831-42D6-8A2F-822743515D6F}.Release|Any CPU.ActiveCfg = Release|Any CPU
		{51DF62C3-A831-42D6-8A2F-822743515D6F}.Release|Any CPU.Build.0 = Release|Any CPU
		{569472B5-0A36-42FE-831B-94E3B108BA6A}.Debug|Any CPU.ActiveCfg = Debug|Any CPU
		{569472B5-0A36-42FE-831B-94E3B108BA6A}.Debug|Any CPU.Build.0 = Debug|Any CPU
		{569472B5-0A36-42FE-831B-94E3B108BA6A}.Release|Any CPU.ActiveCfg = Release|Any CPU
		{569472B5-0A36-42FE-831B-94E3B108BA6A}.Release|Any CPU.Build.0 = Release|Any CPU
		{5BA4E639-9594-480C-BB79-792E760E4F8E}.Debug|Any CPU.ActiveCfg = Debug|Any CPU
		{5BA4E639-9594-480C-BB79-792E760E4F8E}.Debug|Any CPU.Build.0 = Debug|Any CPU
		{5BA4E639-9594-480C-BB79-792E760E4F8E}.Release|Any CPU.ActiveCfg = Release|Any CPU
		{5BA4E639-9594-480C-BB79-792E760E4F8E}.Release|Any CPU.Build.0 = Release|Any CPU
		{78D85D4C-FB39-4684-B17A-CA1916CD5569}.Debug|Any CPU.ActiveCfg = Debug|Any CPU
		{78D85D4C-FB39-4684-B17A-CA1916CD5569}.Debug|Any CPU.Build.0 = Debug|Any CPU
		{78D85D4C-FB39-4684-B17A-CA1916CD5569}.Release|Any CPU.ActiveCfg = Release|Any CPU
		{78D85D4C-FB39-4684-B17A-CA1916CD5569}.Release|Any CPU.Build.0 = Release|Any CPU
	EndGlobalSection
	GlobalSection(SolutionProperties) = preSolution
		HideSolutionNode = FALSE
	EndGlobalSection
	GlobalSection(ExtensibilityGlobals) = postSolution
		SolutionGuid = {F8949B45-A349-4975-B6B9-001758486EBE}
	EndGlobalSection
EndGlobal
