
Microsoft Visual Studio Solution File, Format Version 12.00
# Visual Studio Version 17
VisualStudioVersion = 17.8.34316.72
MinimumVisualStudioVersion = 10.0.40219.1
Project("{9A19103F-16F7-4668-BE54-9A1E7A4F7556}") = "Lab14", "Lab14\Lab14.csproj", "{7CA05602-F2A5-47FB-9169-7A00A6D97437}"
EndProject
Project("{9A19103F-16F7-4668-BE54-9A1E7A4F7556}") = "Lab14(2)", "Lab14(2)\Lab14(2).csproj", "{CE6C16C5-85B5-4004-8A7C-FEABEF964708}"
EndProject
Project("{FAE04EC0-301F-11D3-BF4B-00C04F79EFBC}") = "Lab14(3)", "Lab14(3)\Lab14(3).csproj", "{851582BA-5112-4CA7-9770-B3963C67E244}"
EndProject
Project("{FAE04EC0-301F-11D3-BF4B-00C04F79EFBC}") = "Lab14(4)", "Lab14(4)\Lab14(4).csproj", "{2D7D5FA8-DD9C-425A-8E78-C13A5ED820D2}"
EndProject
Project("{FAE04EC0-301F-11D3-BF4B-00C04F79EFBC}") = "Lab14(5)", "Lab14(5)\Lab14(5).csproj", "{52CA4802-9E6D-47F1-A6F0-450704CD71AC}"
EndProject
Project("{FAE04EC0-301F-11D3-BF4B-00C04F79EFBC}") = "Lab14(6)", "Lab14(6)\Lab14(6).csproj", "{2F52A694-EDB8-4E0B-8874-C9AF3D781719}"
EndProject
Project("{FAE04EC0-301F-11D3-BF4B-00C04F79EFBC}") = "Lab14(7)", "Lab14(7)\Lab14(7).csproj", "{E75FC1B3-17F7-48E6-80F4-F43EAF9954C4}"
EndProject
Project("{FAE04EC0-301F-11D3-BF4B-00C04F79EFBC}") = "Lab14(8)", "Lab14(8)\Lab14(8).csproj", "{4455B5CF-38A5-4B3B-88AE-0979F0C0FA8D}"
EndProject
Project("{FAE04EC0-301F-11D3-BF4B-00C04F79EFBC}") = "Lab14(9)", "Lab14(9)\Lab14(9).csproj", "{E0B07CD5-FD0D-4076-BE45-4CCF7909B050}"
EndProject
Project("{FAE04EC0-301F-11D3-BF4B-00C04F79EFBC}") = "Lab14(10)", "Lab14(10)\Lab14(10).csproj", "{16CD56BE-54DF-40F0-9795-547CCB0715D9}"
EndProject
Project("{FAE04EC0-301F-11D3-BF4B-00C04F79EFBC}") = "Lab14(11)", "Lab14(11)\Lab14(11).csproj", "{9F7D8804-E142-4D2A-BB70-4D00A4F00804}"
EndProject
Project("{FAE04EC0-301F-11D3-BF4B-00C04F79EFBC}") = "Lab14(12)", "Lab14(12)\Lab14(12).csproj", "{2E7D8ED5-E816-4130-837B-63B10074735F}"
EndProject
Global
	GlobalSection(SolutionConfigurationPlatforms) = preSolution
		Debug|Any CPU = Debug|Any CPU
		Release|Any CPU = Release|Any CPU
	EndGlobalSection
	GlobalSection(ProjectConfigurationPlatforms) = postSolution
		{7CA05602-F2A5-47FB-9169-7A00A6D97437}.Debug|Any CPU.ActiveCfg = Debug|Any CPU
		{7CA05602-F2A5-47FB-9169-7A00A6D97437}.Debug|Any CPU.Build.0 = Debug|Any CPU
		{7CA05602-F2A5-47FB-9169-7A00A6D97437}.Release|Any CPU.ActiveCfg = Release|Any CPU
		{7CA05602-F2A5-47FB-9169-7A00A6D97437}.Release|Any CPU.Build.0 = Release|Any CPU
		{CE6C16C5-85B5-4004-8A7C-FEABEF964708}.Debug|Any CPU.ActiveCfg = Debug|Any CPU
		{CE6C16C5-85B5-4004-8A7C-FEABEF964708}.Debug|Any CPU.Build.0 = Debug|Any CPU
		{CE6C16C5-85B5-4004-8A7C-FEABEF964708}.Release|Any CPU.ActiveCfg = Release|Any CPU
		{CE6C16C5-85B5-4004-8A7C-FEABEF964708}.Release|Any CPU.Build.0 = Release|Any CPU
		{851582BA-5112-4CA7-9770-B3963C67E244}.Debug|Any CPU.ActiveCfg = Debug|Any CPU
		{851582BA-5112-4CA7-9770-B3963C67E244}.Debug|Any CPU.Build.0 = Debug|Any CPU
		{851582BA-5112-4CA7-9770-B3963C67E244}.Release|Any CPU.ActiveCfg = Release|Any CPU
		{851582BA-5112-4CA7-9770-B3963C67E244}.Release|Any CPU.Build.0 = Release|Any CPU
		{2D7D5FA8-DD9C-425A-8E78-C13A5ED820D2}.Debug|Any CPU.ActiveCfg = Debug|Any CPU
		{2D7D5FA8-DD9C-425A-8E78-C13A5ED820D2}.Debug|Any CPU.Build.0 = Debug|Any CPU
		{2D7D5FA8-DD9C-425A-8E78-C13A5ED820D2}.Release|Any CPU.ActiveCfg = Release|Any CPU
		{2D7D5FA8-DD9C-425A-8E78-C13A5ED820D2}.Release|Any CPU.Build.0 = Release|Any CPU
		{52CA4802-9E6D-47F1-A6F0-450704CD71AC}.Debug|Any CPU.ActiveCfg = Debug|Any CPU
		{52CA4802-9E6D-47F1-A6F0-450704CD71AC}.Debug|Any CPU.Build.0 = Debug|Any CPU
		{52CA4802-9E6D-47F1-A6F0-450704CD71AC}.Release|Any CPU.ActiveCfg = Release|Any CPU
		{52CA4802-9E6D-47F1-A6F0-450704CD71AC}.Release|Any CPU.Build.0 = Release|Any CPU
		{2F52A694-EDB8-4E0B-8874-C9AF3D781719}.Debug|Any CPU.ActiveCfg = Debug|Any CPU
		{2F52A694-EDB8-4E0B-8874-C9AF3D781719}.Debug|Any CPU.Build.0 = Debug|Any CPU
		{2F52A694-EDB8-4E0B-8874-C9AF3D781719}.Release|Any CPU.ActiveCfg = Release|Any CPU
		{2F52A694-EDB8-4E0B-8874-C9AF3D781719}.Release|Any CPU.Build.0 = Release|Any CPU
		{E75FC1B3-17F7-48E6-80F4-F43EAF9954C4}.Debug|Any CPU.ActiveCfg = Debug|Any CPU
		{E75FC1B3-17F7-48E6-80F4-F43EAF9954C4}.Debug|Any CPU.Build.0 = Debug|Any CPU
		{E75FC1B3-17F7-48E6-80F4-F43EAF9954C4}.Release|Any CPU.ActiveCfg = Release|Any CPU
		{E75FC1B3-17F7-48E6-80F4-F43EAF9954C4}.Release|Any CPU.Build.0 = Release|Any CPU
		{4455B5CF-38A5-4B3B-88AE-0979F0C0FA8D}.Debug|Any CPU.ActiveCfg = Debug|Any CPU
		{4455B5CF-38A5-4B3B-88AE-0979F0C0FA8D}.Debug|Any CPU.Build.0 = Debug|Any CPU
		{4455B5CF-38A5-4B3B-88AE-0979F0C0FA8D}.Release|Any CPU.ActiveCfg = Release|Any CPU
		{4455B5CF-38A5-4B3B-88AE-0979F0C0FA8D}.Release|Any CPU.Build.0 = Release|Any CPU
		{E0B07CD5-FD0D-4076-BE45-4CCF7909B050}.Debug|Any CPU.ActiveCfg = Debug|Any CPU
		{E0B07CD5-FD0D-4076-BE45-4CCF7909B050}.Debug|Any CPU.Build.0 = Debug|Any CPU
		{E0B07CD5-FD0D-4076-BE45-4CCF7909B050}.Release|Any CPU.ActiveCfg = Release|Any CPU
		{E0B07CD5-FD0D-4076-BE45-4CCF7909B050}.Release|Any CPU.Build.0 = Release|Any CPU
		{16CD56BE-54DF-40F0-9795-547CCB0715D9}.Debug|Any CPU.ActiveCfg = Debug|Any CPU
		{16CD56BE-54DF-40F0-9795-547CCB0715D9}.Debug|Any CPU.Build.0 = Debug|Any CPU
		{16CD56BE-54DF-40F0-9795-547CCB0715D9}.Release|Any CPU.ActiveCfg = Release|Any CPU
		{16CD56BE-54DF-40F0-9795-547CCB0715D9}.Release|Any CPU.Build.0 = Release|Any CPU
		{9F7D8804-E142-4D2A-BB70-4D00A4F00804}.Debug|Any CPU.ActiveCfg = Debug|Any CPU
		{9F7D8804-E142-4D2A-BB70-4D00A4F00804}.Debug|Any CPU.Build.0 = Debug|Any CPU
		{9F7D8804-E142-4D2A-BB70-4D00A4F00804}.Release|Any CPU.ActiveCfg = Release|Any CPU
		{9F7D8804-E142-4D2A-BB70-4D00A4F00804}.Release|Any CPU.Build.0 = Release|Any CPU
		{2E7D8ED5-E816-4130-837B-63B10074735F}.Debug|Any CPU.ActiveCfg = Debug|Any CPU
		{2E7D8ED5-E816-4130-837B-63B10074735F}.Debug|Any CPU.Build.0 = Debug|Any CPU
		{2E7D8ED5-E816-4130-837B-63B10074735F}.Release|Any CPU.ActiveCfg = Release|Any CPU
		{2E7D8ED5-E816-4130-837B-63B10074735F}.Release|Any CPU.Build.0 = Release|Any CPU
	EndGlobalSection
	GlobalSection(SolutionProperties) = preSolution
		HideSolutionNode = FALSE
	EndGlobalSection
	GlobalSection(ExtensibilityGlobals) = postSolution
		SolutionGuid = {AD809294-5A26-46E4-8557-A200607C6B0F}
	EndGlobalSection
EndGlobal
