
Microsoft Visual Studio Solution File, Format Version 12.00
# Visual Studio Version 17
VisualStudioVersion = 17.7.34202.233
MinimumVisualStudioVersion = 10.0.40219.1
Project("{9A19103F-16F7-4668-BE54-9A1E7A4F7556}") = "Lab08", "Lab08\Lab08.csproj", "{163D7656-8967-433B-AFFB-8C72AE9BAAE2}"
EndProject
Project("{9A19103F-16F7-4668-BE54-9A1E7A4F7556}") = "Lab08(7)", "Lab08(7)\Lab08(7).csproj", "{31D5937F-816F-4CD7-A1A4-E3D64D7EE139}"
EndProject
Project("{9A19103F-16F7-4668-BE54-9A1E7A4F7556}") = "Lab08(8)", "Lab08(8)\Lab08(8).csproj", "{29F66ACD-C791-4A7A-A8D2-E33540D0B0E8}"
EndProject
Project("{FAE04EC0-301F-11D3-BF4B-00C04F79EFBC}") = "Lab08(10)", "Lab08(10)\Lab08(10).csproj", "{1D4E9B30-87E7-4907-B7D3-B2096E514EAF}"
EndProject
Global
	GlobalSection(SolutionConfigurationPlatforms) = preSolution
		Debug|Any CPU = Debug|Any CPU
		Release|Any CPU = Release|Any CPU
	EndGlobalSection
	GlobalSection(ProjectConfigurationPlatforms) = postSolution
		{163D7656-8967-433B-AFFB-8C72AE9BAAE2}.Debug|Any CPU.ActiveCfg = Debug|Any CPU
		{163D7656-8967-433B-AFFB-8C72AE9BAAE2}.Debug|Any CPU.Build.0 = Debug|Any CPU
		{163D7656-8967-433B-AFFB-8C72AE9BAAE2}.Release|Any CPU.ActiveCfg = Release|Any CPU
		{163D7656-8967-433B-AFFB-8C72AE9BAAE2}.Release|Any CPU.Build.0 = Release|Any CPU
		{31D5937F-816F-4CD7-A1A4-E3D64D7EE139}.Debug|Any CPU.ActiveCfg = Debug|Any CPU
		{31D5937F-816F-4CD7-A1A4-E3D64D7EE139}.Debug|Any CPU.Build.0 = Debug|Any CPU
		{31D5937F-816F-4CD7-A1A4-E3D64D7EE139}.Release|Any CPU.ActiveCfg = Release|Any CPU
		{31D5937F-816F-4CD7-A1A4-E3D64D7EE139}.Release|Any CPU.Build.0 = Release|Any CPU
		{29F66ACD-C791-4A7A-A8D2-E33540D0B0E8}.Debug|Any CPU.ActiveCfg = Debug|Any CPU
		{29F66ACD-C791-4A7A-A8D2-E33540D0B0E8}.Debug|Any CPU.Build.0 = Debug|Any CPU
		{29F66ACD-C791-4A7A-A8D2-E33540D0B0E8}.Release|Any CPU.ActiveCfg = Release|Any CPU
		{29F66ACD-C791-4A7A-A8D2-E33540D0B0E8}.Release|Any CPU.Build.0 = Release|Any CPU
		{1D4E9B30-87E7-4907-B7D3-B2096E514EAF}.Debug|Any CPU.ActiveCfg = Debug|Any CPU
		{1D4E9B30-87E7-4907-B7D3-B2096E514EAF}.Debug|Any CPU.Build.0 = Debug|Any CPU
		{1D4E9B30-87E7-4907-B7D3-B2096E514EAF}.Release|Any CPU.ActiveCfg = Release|Any CPU
		{1D4E9B30-87E7-4907-B7D3-B2096E514EAF}.Release|Any CPU.Build.0 = Release|Any CPU
	EndGlobalSection
	GlobalSection(SolutionProperties) = preSolution
		HideSolutionNode = FALSE
	EndGlobalSection
	GlobalSection(ExtensibilityGlobals) = postSolution
		SolutionGuid = {2430395A-7D49-4917-B8EB-121A85ADB0AA}
	EndGlobalSection
EndGlobal
