
Microsoft Visual Studio Solution File, Format Version 12.00
# Visual Studio Version 17
VisualStudioVersion = 17.7.34024.191
MinimumVisualStudioVersion = 10.0.40219.1
Project("{9A19103F-16F7-4668-BE54-9A1E7A4F7556}") = "Lab06(1)", "Lab06(1)\Lab06(1).csproj", "{25FF5535-2DDF-4BA0-916D-BFA772C376B1}"
EndProject
Project("{FAE04EC0-301F-11D3-BF4B-00C04F79EFBC}") = "Lab06(2)", "Lab06(2)\Lab06(2).csproj", "{1C137832-E650-49F1-943C-A48EC7CFEA37}"
EndProject
Project("{FAE04EC0-301F-11D3-BF4B-00C04F79EFBC}") = "Lab06(3)", "Lab06(3)\Lab06(3).csproj", "{5611F716-BA56-4501-AA8F-9EAFD07953A2}"
EndProject
Global
	GlobalSection(SolutionConfigurationPlatforms) = preSolution
		Debug|Any CPU = Debug|Any CPU
		Release|Any CPU = Release|Any CPU
	EndGlobalSection
	GlobalSection(ProjectConfigurationPlatforms) = postSolution
		{25FF5535-2DDF-4BA0-916D-BFA772C376B1}.Debug|Any CPU.ActiveCfg = Debug|Any CPU
		{25FF5535-2DDF-4BA0-916D-BFA772C376B1}.Debug|Any CPU.Build.0 = Debug|Any CPU
		{25FF5535-2DDF-4BA0-916D-BFA772C376B1}.Release|Any CPU.ActiveCfg = Release|Any CPU
		{25FF5535-2DDF-4BA0-916D-BFA772C376B1}.Release|Any CPU.Build.0 = Release|Any CPU
		{1C137832-E650-49F1-943C-A48EC7CFEA37}.Debug|Any CPU.ActiveCfg = Debug|Any CPU
		{1C137832-E650-49F1-943C-A48EC7CFEA37}.Debug|Any CPU.Build.0 = Debug|Any CPU
		{1C137832-E650-49F1-943C-A48EC7CFEA37}.Release|Any CPU.ActiveCfg = Release|Any CPU
		{1C137832-E650-49F1-943C-A48EC7CFEA37}.Release|Any CPU.Build.0 = Release|Any CPU
		{5611F716-BA56-4501-AA8F-9EAFD07953A2}.Debug|Any CPU.ActiveCfg = Debug|Any CPU
		{5611F716-BA56-4501-AA8F-9EAFD07953A2}.Debug|Any CPU.Build.0 = Debug|Any CPU
		{5611F716-BA56-4501-AA8F-9EAFD07953A2}.Release|Any CPU.ActiveCfg = Release|Any CPU
		{5611F716-BA56-4501-AA8F-9EAFD07953A2}.Release|Any CPU.Build.0 = Release|Any CPU
	EndGlobalSection
	GlobalSection(SolutionProperties) = preSolution
		HideSolutionNode = FALSE
	EndGlobalSection
	GlobalSection(ExtensibilityGlobals) = postSolution
		SolutionGuid = {BCDC77C2-EE8D-4200-A175-EC2C475CAB3A}
	EndGlobalSection
EndGlobal
